
Microsoft Visual Studio Solution File, Format Version 12.00
# Visual Studio Version 16
VisualStudioVersion = 16.0.30611.23
MinimumVisualStudioVersion = 10.0.40219.1
Project("{FAE04EC0-301F-11D3-BF4B-00C04F79EFBC}") = "EmployeePayrollRestSharp", "EmployeePayrollRestSharp\EmployeePayrollRestSharp.csproj", "{44EF800D-0726-4301-B802-8C1CE0DE6619}"
EndProject
Global
	GlobalSection(SolutionConfigurationPlatforms) = preSolution
		Debug|Any CPU = Debug|Any CPU
		Release|Any CPU = Release|Any CPU
	EndGlobalSection
	GlobalSection(ProjectConfigurationPlatforms) = postSolution
		{44EF800D-0726-4301-B802-8C1CE0DE6619}.Debug|Any CPU.ActiveCfg = Debug|Any CPU
		{44EF800D-0726-4301-B802-8C1CE0DE6619}.Debug|Any CPU.Build.0 = Debug|Any CPU
		{44EF800D-0726-4301-B802-8C1CE0DE6619}.Release|Any CPU.ActiveCfg = Release|Any CPU
		{44EF800D-0726-4301-B802-8C1CE0DE6619}.Release|Any CPU.Build.0 = Release|Any CPU
	EndGlobalSection
	GlobalSection(SolutionProperties) = preSolution
		HideSolutionNode = FALSE
	EndGlobalSection
	GlobalSection(ExtensibilityGlobals) = postSolution
		SolutionGuid = {D112FB25-5F9C-480A-B54F-870CE2E46905}
	EndGlobalSection
EndGlobal
